
Microsoft Visual Studio Solution File, Format Version 12.00
# Visual Studio Version 16
VisualStudioVersion = 16.0.32510.428
MinimumVisualStudioVersion = 10.0.40219.1
Project("{9A19103F-16F7-4668-BE54-9A1E7A4F7556}") = "01. Hello SoftUni", "01. Hello SoftUni\01. Hello SoftUni.csproj", "{97ACA27B-1F3E-4B52-9535-C81369EF0C2A}"
EndProject
Project("{9A19103F-16F7-4668-BE54-9A1E7A4F7556}") = "02. Numbers 1 to 10", "02 Numbers 1 to 10\02. Numbers 1 to 10.csproj", "{87BD527D-BFE8-4D2D-8E97-6431D7A4242F}"
EndProject
Project("{9A19103F-16F7-4668-BE54-9A1E7A4F7556}") = "04. Inches To Cm", "04. Inches To Cm\04. Inches To Cm.csproj", "{F126CC5F-9390-45DA-ADEE-5D4CB1EE3034}"
EndProject
Project("{9A19103F-16F7-4668-BE54-9A1E7A4F7556}") = "05. Greeting By Name", "05. Greeting By Name\05. Greeting By Name.csproj", "{D315A2F6-65B4-454D-84F8-4BA034806F05}"
EndProject
Project("{9A19103F-16F7-4668-BE54-9A1E7A4F7556}") = "06. Concatenate Data", "06. Concatenate Data\06. Concatenate Data.csproj", "{B386FC66-21C7-4843-B8B1-12483FEF85C7}"
EndProject
Project("{9A19103F-16F7-4668-BE54-9A1E7A4F7556}") = "07. Projects Creation", "07. Projects Creation\07. Projects Creation.csproj", "{8923DDFF-49BC-4E8D-B718-E32771A559E0}"
EndProject
Project("{9A19103F-16F7-4668-BE54-9A1E7A4F7556}") = "08. Pet Shop", "08. Pet Shop\08. Pet Shop.csproj", "{5FCED6CB-EF9C-4EC4-8906-FCBEE3FCF62C}"
EndProject
Project("{9A19103F-16F7-4668-BE54-9A1E7A4F7556}") = "09. Yard Greening", "09. Yard Greening\09. Yard Greening.csproj", "{01E62150-6FAE-4CA1-AC6B-B9563DFC17E3}"
EndProject
Project("{FAE04EC0-301F-11D3-BF4B-00C04F79EFBC}") = "03. Rectangle Area", "03. Rectangle Area\03. Rectangle Area.csproj", "{D65B0716-589C-49A9-B216-08EEBB5B8444}"
EndProject
Global
	GlobalSection(SolutionConfigurationPlatforms) = preSolution
		Debug|Any CPU = Debug|Any CPU
		Release|Any CPU = Release|Any CPU
	EndGlobalSection
	GlobalSection(ProjectConfigurationPlatforms) = postSolution
		{97ACA27B-1F3E-4B52-9535-C81369EF0C2A}.Debug|Any CPU.ActiveCfg = Debug|Any CPU
		{97ACA27B-1F3E-4B52-9535-C81369EF0C2A}.Debug|Any CPU.Build.0 = Debug|Any CPU
		{97ACA27B-1F3E-4B52-9535-C81369EF0C2A}.Release|Any CPU.ActiveCfg = Release|Any CPU
		{97ACA27B-1F3E-4B52-9535-C81369EF0C2A}.Release|Any CPU.Build.0 = Release|Any CPU
		{87BD527D-BFE8-4D2D-8E97-6431D7A4242F}.Debug|Any CPU.ActiveCfg = Debug|Any CPU
		{87BD527D-BFE8-4D2D-8E97-6431D7A4242F}.Debug|Any CPU.Build.0 = Debug|Any CPU
		{87BD527D-BFE8-4D2D-8E97-6431D7A4242F}.Release|Any CPU.ActiveCfg = Release|Any CPU
		{87BD527D-BFE8-4D2D-8E97-6431D7A4242F}.Release|Any CPU.Build.0 = Release|Any CPU
		{F126CC5F-9390-45DA-ADEE-5D4CB1EE3034}.Debug|Any CPU.ActiveCfg = Debug|Any CPU
		{F126CC5F-9390-45DA-ADEE-5D4CB1EE3034}.Debug|Any CPU.Build.0 = Debug|Any CPU
		{F126CC5F-9390-45DA-ADEE-5D4CB1EE3034}.Release|Any CPU.ActiveCfg = Release|Any CPU
		{F126CC5F-9390-45DA-ADEE-5D4CB1EE3034}.Release|Any CPU.Build.0 = Release|Any CPU
		{D315A2F6-65B4-454D-84F8-4BA034806F05}.Debug|Any CPU.ActiveCfg = Debug|Any CPU
		{D315A2F6-65B4-454D-84F8-4BA034806F05}.Debug|Any CPU.Build.0 = Debug|Any CPU
		{D315A2F6-65B4-454D-84F8-4BA034806F05}.Release|Any CPU.ActiveCfg = Release|Any CPU
		{D315A2F6-65B4-454D-84F8-4BA034806F05}.Release|Any CPU.Build.0 = Release|Any CPU
		{B386FC66-21C7-4843-B8B1-12483FEF85C7}.Debug|Any CPU.ActiveCfg = Debug|Any CPU
		{B386FC66-21C7-4843-B8B1-12483FEF85C7}.Debug|Any CPU.Build.0 = Debug|Any CPU
		{B386FC66-21C7-4843-B8B1-12483FEF85C7}.Release|Any CPU.ActiveCfg = Release|Any CPU
		{B386FC66-21C7-4843-B8B1-12483FEF85C7}.Release|Any CPU.Build.0 = Release|Any CPU
		{8923DDFF-49BC-4E8D-B718-E32771A559E0}.Debug|Any CPU.ActiveCfg = Debug|Any CPU
		{8923DDFF-49BC-4E8D-B718-E32771A559E0}.Debug|Any CPU.Build.0 = Debug|Any CPU
		{8923DDFF-49BC-4E8D-B718-E32771A559E0}.Release|Any CPU.ActiveCfg = Release|Any CPU
		{8923DDFF-49BC-4E8D-B718-E32771A559E0}.Release|Any CPU.Build.0 = Release|Any CPU
		{5FCED6CB-EF9C-4EC4-8906-FCBEE3FCF62C}.Debug|Any CPU.ActiveCfg = Debug|Any CPU
		{5FCED6CB-EF9C-4EC4-8906-FCBEE3FCF62C}.Debug|Any CPU.Build.0 = Debug|Any CPU
		{5FCED6CB-EF9C-4EC4-8906-FCBEE3FCF62C}.Release|Any CPU.ActiveCfg = Release|Any CPU
		{5FCED6CB-EF9C-4EC4-8906-FCBEE3FCF62C}.Release|Any CPU.Build.0 = Release|Any CPU
		{01E62150-6FAE-4CA1-AC6B-B9563DFC17E3}.Debug|Any CPU.ActiveCfg = Debug|Any CPU
		{01E62150-6FAE-4CA1-AC6B-B9563DFC17E3}.Debug|Any CPU.Build.0 = Debug|Any CPU
		{01E62150-6FAE-4CA1-AC6B-B9563DFC17E3}.Release|Any CPU.ActiveCfg = Release|Any CPU
		{01E62150-6FAE-4CA1-AC6B-B9563DFC17E3}.Release|Any CPU.Build.0 = Release|Any CPU
		{D65B0716-589C-49A9-B216-08EEBB5B8444}.Debug|Any CPU.ActiveCfg = Debug|Any CPU
		{D65B0716-589C-49A9-B216-08EEBB5B8444}.Debug|Any CPU.Build.0 = Debug|Any CPU
		{D65B0716-589C-49A9-B216-08EEBB5B8444}.Release|Any CPU.ActiveCfg = Release|Any CPU
		{D65B0716-589C-49A9-B216-08EEBB5B8444}.Release|Any CPU.Build.0 = Release|Any CPU
	EndGlobalSection
	GlobalSection(SolutionProperties) = preSolution
		HideSolutionNode = FALSE
	EndGlobalSection
	GlobalSection(ExtensibilityGlobals) = postSolution
		SolutionGuid = {E3C31515-3D55-40C7-B2FA-F9FCB624442D}
	EndGlobalSection
EndGlobal
